
Microsoft Visual Studio Solution File, Format Version 12.00
# Visual Studio Version 17
VisualStudioVersion = 17.0.31903.59
MinimumVisualStudioVersion = 10.0.40219.1
Project("{FAE04EC0-301F-11D3-BF4B-00C04F79EFBC}") = "Wsl.Core", "Wsl.Core\Wsl.Core.csproj", "{9793C5EF-E279-4FA8-95C8-ACB8E7426779}"
EndProject
Project("{FAE04EC0-301F-11D3-BF4B-00C04F79EFBC}") = "Wsl.Contracts", "Wsl.Contracts\Wsl.Contracts.csproj", "{CBDE5C02-DE6E-4217-8E80-049A141E14E6}"
EndProject
Project("{FAE04EC0-301F-11D3-BF4B-00C04F79EFBC}") = "Wsl.Core.Tests", "Wsl.Core.Tests\Wsl.Core.Tests.csproj", "{8EFF172F-81DC-4106-9C5E-F138F79CE33A}"
EndProject
Project("{FAE04EC0-301F-11D3-BF4B-00C04F79EFBC}") = "Wsl.Broker", "Wsl.Broker\Wsl.Broker.csproj", "{D2BC7D76-95BF-47FE-9858-EAB3CAA4D5EF}"
EndProject
Project("{FAE04EC0-301F-11D3-BF4B-00C04F79EFBC}") = "Wsl.App", "Wsl.App\Wsl.App.csproj", "{9796FD10-D5B4-4078-B30A-CFF978486B6A}"
EndProject
Project("{FAE04EC0-301F-11D3-BF4B-00C04F79EFBC}") = "Wsl.App.Logic", "Wsl.App.Logic\Wsl.App.Logic.csproj", "{2CA83C72-8639-4056-B30A-DBF15462A319}"
EndProject
Global
	GlobalSection(SolutionConfigurationPlatforms) = preSolution
		Debug|Any CPU = Debug|Any CPU
		Debug|x64 = Debug|x64
		Debug|x86 = Debug|x86
		Release|Any CPU = Release|Any CPU
		Release|x64 = Release|x64
		Release|x86 = Release|x86
	EndGlobalSection
	GlobalSection(ProjectConfigurationPlatforms) = postSolution
		{9793C5EF-E279-4FA8-95C8-ACB8E7426779}.Debug|Any CPU.ActiveCfg = Debug|Any CPU
		{9793C5EF-E279-4FA8-95C8-ACB8E7426779}.Debug|Any CPU.Build.0 = Debug|Any CPU
		{9793C5EF-E279-4FA8-95C8-ACB8E7426779}.Debug|x64.ActiveCfg = Debug|Any CPU
		{9793C5EF-E279-4FA8-95C8-ACB8E7426779}.Debug|x64.Build.0 = Debug|Any CPU
		{9793C5EF-E279-4FA8-95C8-ACB8E7426779}.Debug|x86.ActiveCfg = Debug|Any CPU
		{9793C5EF-E279-4FA8-95C8-ACB8E7426779}.Debug|x86.Build.0 = Debug|Any CPU
		{9793C5EF-E279-4FA8-95C8-ACB8E7426779}.Release|Any CPU.ActiveCfg = Release|Any CPU
		{9793C5EF-E279-4FA8-95C8-ACB8E7426779}.Release|Any CPU.Build.0 = Release|Any CPU
		{9793C5EF-E279-4FA8-95C8-ACB8E7426779}.Release|x64.ActiveCfg = Release|Any CPU
		{9793C5EF-E279-4FA8-95C8-ACB8E7426779}.Release|x64.Build.0 = Release|Any CPU
		{9793C5EF-E279-4FA8-95C8-ACB8E7426779}.Release|x86.ActiveCfg = Release|Any CPU
		{9793C5EF-E279-4FA8-95C8-ACB8E7426779}.Release|x86.Build.0 = Release|Any CPU
		{CBDE5C02-DE6E-4217-8E80-049A141E14E6}.Debug|Any CPU.ActiveCfg = Debug|Any CPU
		{CBDE5C02-DE6E-4217-8E80-049A141E14E6}.Debug|Any CPU.Build.0 = Debug|Any CPU
		{CBDE5C02-DE6E-4217-8E80-049A141E14E6}.Debug|x64.ActiveCfg = Debug|Any CPU
		{CBDE5C02-DE6E-4217-8E80-049A141E14E6}.Debug|x64.Build.0 = Debug|Any CPU
		{CBDE5C02-DE6E-4217-8E80-049A141E14E6}.Debug|x86.ActiveCfg = Debug|Any CPU
		{CBDE5C02-DE6E-4217-8E80-049A141E14E6}.Debug|x86.Build.0 = Debug|Any CPU
		{CBDE5C02-DE6E-4217-8E80-049A141E14E6}.Release|Any CPU.ActiveCfg = Release|Any CPU
		{CBDE5C02-DE6E-4217-8E80-049A141E14E6}.Release|Any CPU.Build.0 = Release|Any CPU
		{CBDE5C02-DE6E-4217-8E80-049A141E14E6}.Release|x64.ActiveCfg = Release|Any CPU
		{CBDE5C02-DE6E-4217-8E80-049A141E14E6}.Release|x64.Build.0 = Release|Any CPU
		{CBDE5C02-DE6E-4217-8E80-049A141E14E6}.Release|x86.ActiveCfg = Release|Any CPU
		{CBDE5C02-DE6E-4217-8E80-049A141E14E6}.Release|x86.Build.0 = Release|Any CPU
		{8EFF172F-81DC-4106-9C5E-F138F79CE33A}.Debug|Any CPU.ActiveCfg = Debug|Any CPU
		{8EFF172F-81DC-4106-9C5E-F138F79CE33A}.Debug|Any CPU.Build.0 = Debug|Any CPU
		{8EFF172F-81DC-4106-9C5E-F138F79CE33A}.Debug|x64.ActiveCfg = Debug|Any CPU
		{8EFF172F-81DC-4106-9C5E-F138F79CE33A}.Debug|x64.Build.0 = Debug|Any CPU
		{8EFF172F-81DC-4106-9C5E-F138F79CE33A}.Debug|x86.ActiveCfg = Debug|Any CPU
		{8EFF172F-81DC-4106-9C5E-F138F79CE33A}.Debug|x86.Build.0 = Debug|Any CPU
		{8EFF172F-81DC-4106-9C5E-F138F79CE33A}.Release|Any CPU.ActiveCfg = Release|Any CPU
		{8EFF172F-81DC-4106-9C5E-F138F79CE33A}.Release|Any CPU.Build.0 = Release|Any CPU
		{8EFF172F-81DC-4106-9C5E-F138F79CE33A}.Release|x64.ActiveCfg = Release|Any CPU
		{8EFF172F-81DC-4106-9C5E-F138F79CE33A}.Release|x64.Build.0 = Release|Any CPU
		{8EFF172F-81DC-4106-9C5E-F138F79CE33A}.Release|x86.ActiveCfg = Release|Any CPU
		{8EFF172F-81DC-4106-9C5E-F138F79CE33A}.Release|x86.Build.0 = Release|Any CPU
		{D2BC7D76-95BF-47FE-9858-EAB3CAA4D5EF}.Debug|Any CPU.ActiveCfg = Debug|Any CPU
		{D2BC7D76-95BF-47FE-9858-EAB3CAA4D5EF}.Debug|Any CPU.Build.0 = Debug|Any CPU
		{D2BC7D76-95BF-47FE-9858-EAB3CAA4D5EF}.Debug|x64.ActiveCfg = Debug|Any CPU
		{D2BC7D76-95BF-47FE-9858-EAB3CAA4D5EF}.Debug|x64.Build.0 = Debug|Any CPU
		{D2BC7D76-95BF-47FE-9858-EAB3CAA4D5EF}.Debug|x86.ActiveCfg = Debug|Any CPU
		{D2BC7D76-95BF-47FE-9858-EAB3CAA4D5EF}.Debug|x86.Build.0 = Debug|Any CPU
		{D2BC7D76-95BF-47FE-9858-EAB3CAA4D5EF}.Release|Any CPU.ActiveCfg = Release|Any CPU
		{D2BC7D76-95BF-47FE-9858-EAB3CAA4D5EF}.Release|Any CPU.Build.0 = Release|Any CPU
		{D2BC7D76-95BF-47FE-9858-EAB3CAA4D5EF}.Release|x64.ActiveCfg = Release|Any CPU
		{D2BC7D76-95BF-47FE-9858-EAB3CAA4D5EF}.Release|x64.Build.0 = Release|Any CPU
		{D2BC7D76-95BF-47FE-9858-EAB3CAA4D5EF}.Release|x86.ActiveCfg = Release|Any CPU
		{D2BC7D76-95BF-47FE-9858-EAB3CAA4D5EF}.Release|x86.Build.0 = Release|Any CPU
		{9796FD10-D5B4-4078-B30A-CFF978486B6A}.Debug|Any CPU.ActiveCfg = Debug|x86
		{9796FD10-D5B4-4078-B30A-CFF978486B6A}.Debug|Any CPU.Build.0 = Debug|x86
		{9796FD10-D5B4-4078-B30A-CFF978486B6A}.Debug|x64.ActiveCfg = Debug|x64
		{9796FD10-D5B4-4078-B30A-CFF978486B6A}.Debug|x64.Build.0 = Debug|x64
		{9796FD10-D5B4-4078-B30A-CFF978486B6A}.Debug|x86.ActiveCfg = Debug|x86
		{9796FD10-D5B4-4078-B30A-CFF978486B6A}.Debug|x86.Build.0 = Debug|x86
		{9796FD10-D5B4-4078-B30A-CFF978486B6A}.Release|Any CPU.ActiveCfg = Release|x86
		{9796FD10-D5B4-4078-B30A-CFF978486B6A}.Release|Any CPU.Build.0 = Release|x86
		{9796FD10-D5B4-4078-B30A-CFF978486B6A}.Release|x64.ActiveCfg = Release|x64
		{9796FD10-D5B4-4078-B30A-CFF978486B6A}.Release|x64.Build.0 = Release|x64
		{9796FD10-D5B4-4078-B30A-CFF978486B6A}.Release|x86.ActiveCfg = Release|x86
		{9796FD10-D5B4-4078-B30A-CFF978486B6A}.Release|x86.Build.0 = Release|x86
		{2CA83C72-8639-4056-B30A-DBF15462A319}.Debug|Any CPU.ActiveCfg = Debug|Any CPU
		{2CA83C72-8639-4056-B30A-DBF15462A319}.Debug|Any CPU.Build.0 = Debug|Any CPU
		{2CA83C72-8639-4056-B30A-DBF15462A319}.Debug|x64.ActiveCfg = Debug|Any CPU
		{2CA83C72-8639-4056-B30A-DBF15462A319}.Debug|x64.Build.0 = Debug|Any CPU
		{2CA83C72-8639-4056-B30A-DBF15462A319}.Debug|x86.ActiveCfg = Debug|Any CPU
		{2CA83C72-8639-4056-B30A-DBF15462A319}.Debug|x86.Build.0 = Debug|Any CPU
		{2CA83C72-8639-4056-B30A-DBF15462A319}.Release|Any CPU.ActiveCfg = Release|Any CPU
		{2CA83C72-8639-4056-B30A-DBF15462A319}.Release|Any CPU.Build.0 = Release|Any CPU
		{2CA83C72-8639-4056-B30A-DBF15462A319}.Release|x64.ActiveCfg = Release|Any CPU
		{2CA83C72-8639-4056-B30A-DBF15462A319}.Release|x64.Build.0 = Release|Any CPU
		{2CA83C72-8639-4056-B30A-DBF15462A319}.Release|x86.ActiveCfg = Release|Any CPU
		{2CA83C72-8639-4056-B30A-DBF15462A319}.Release|x86.Build.0 = Release|Any CPU
	EndGlobalSection
	GlobalSection(SolutionProperties) = preSolution
		HideSolutionNode = FALSE
	EndGlobalSection
EndGlobal
